
Microsoft Visual Studio Solution File, Format Version 12.00
# Visual Studio Version 17
VisualStudioVersion = 17.14.36623.8 d17.14
MinimumVisualStudioVersion = 10.0.40219.1
Project("{FAE04EC0-301F-11D3-BF4B-00C04F79EFBC}") = "Acxiom73", "Acxiom73.csproj", "{7C70616F-5A73-4EA9-953F-5E17ADFEAA43}"
EndProject
Global
	GlobalSection(SolutionConfigurationPlatforms) = preSolution
		Debug|Any CPU = Debug|Any CPU
		Release|Any CPU = Release|Any CPU
	EndGlobalSection
	GlobalSection(ProjectConfigurationPlatforms) = postSolution
		{7C70616F-5A73-4EA9-953F-5E17ADFEAA43}.Debug|Any CPU.ActiveCfg = Debug|Any CPU
		{7C70616F-5A73-4EA9-953F-5E17ADFEAA43}.Debug|Any CPU.Build.0 = Debug|Any CPU
		{7C70616F-5A73-4EA9-953F-5E17ADFEAA43}.Release|Any CPU.ActiveCfg = Release|Any CPU
		{7C70616F-5A73-4EA9-953F-5E17ADFEAA43}.Release|Any CPU.Build.0 = Release|Any CPU
	EndGlobalSection
	GlobalSection(SolutionProperties) = preSolution
		HideSolutionNode = FALSE
	EndGlobalSection
	GlobalSection(ExtensibilityGlobals) = postSolution
		SolutionGuid = {01CD6ACA-D32E-4C95-9F3E-C1C642D49EBA}
	EndGlobalSection
EndGlobal
